
Microsoft Visual Studio Solution File, Format Version 12.00
# Visual Studio Version 17
VisualStudioVersion = 17.9.34728.123
MinimumVisualStudioVersion = 10.0.40219.1
Project("{FAE04EC0-301F-11D3-BF4B-00C04F79EFBC}") = "Highlanders", "Highlanders\Highlanders.csproj", "{63C38860-256B-433C-802F-F301C26F6BB1}"
EndProject
Project("{FAE04EC0-301F-11D3-BF4B-00C04F79EFBC}") = "Highlander_Console", "Highlander_Console\Highlander_Console.csproj", "{643F1821-3858-491D-989D-E18149FB3804}"
EndProject
Global
	GlobalSection(SolutionConfigurationPlatforms) = preSolution
		Debug|Any CPU = Debug|Any CPU
		Release|Any CPU = Release|Any CPU
	EndGlobalSection
	GlobalSection(ProjectConfigurationPlatforms) = postSolution
		{63C38860-256B-433C-802F-F301C26F6BB1}.Debug|Any CPU.ActiveCfg = Debug|Any CPU
		{63C38860-256B-433C-802F-F301C26F6BB1}.Debug|Any CPU.Build.0 = Debug|Any CPU
		{63C38860-256B-433C-802F-F301C26F6BB1}.Release|Any CPU.ActiveCfg = Release|Any CPU
		{63C38860-256B-433C-802F-F301C26F6BB1}.Release|Any CPU.Build.0 = Release|Any CPU
		{643F1821-3858-491D-989D-E18149FB3804}.Debug|Any CPU.ActiveCfg = Debug|Any CPU
		{643F1821-3858-491D-989D-E18149FB3804}.Debug|Any CPU.Build.0 = Debug|Any CPU
		{643F1821-3858-491D-989D-E18149FB3804}.Release|Any CPU.ActiveCfg = Release|Any CPU
		{643F1821-3858-491D-989D-E18149FB3804}.Release|Any CPU.Build.0 = Release|Any CPU
	EndGlobalSection
	GlobalSection(SolutionProperties) = preSolution
		HideSolutionNode = FALSE
	EndGlobalSection
	GlobalSection(ExtensibilityGlobals) = postSolution
		SolutionGuid = {AF6E94AE-B105-4BD4-A7E1-7945B0660026}
	EndGlobalSection
EndGlobal
